{
  "name": "test",
  "version": "1.0.0",
  "lockfileVersion": 1,
  "requires": true,
  "dependencies": {
    "purgecss-with-wordpress": {
      "version": "1.0.0",
      "resolved": "https://registry.npmjs.org/purgecss-with-wordpress/-/purgecss-with-wordpress-1.0.0.tgz",
      "integrity": "sha512-GmMpNV7/jTi2y8JcxfT6fyEejYYpbVc1lYuOiOfW2OaBeSEE6PFZf1RuKpxqHmsBz1ZKGkAw4DJ5W8PS1VaY3g==",
      "dev": true
    }
  }
}
